
Microsoft Visual Studio Solution File, Format Version 12.00
# Visual Studio 15
Project("{FAE04EC0-301F-11D3-BF4B-00C04F79EFBC}") = "Assembly-CSharp", "Assembly-CSharp.csproj", "{01B65246-83A8-7CCF-BB68-A7A8002707A6}"
EndProject
Project("{FAE04EC0-301F-11D3-BF4B-00C04F79EFBC}") = "Assembly-CSharp-firstpass", "Assembly-CSharp-firstpass.csproj", "{09548D77-A17B-9A8E-58FA-6C3FEFBCBED3}"
EndProject
Project("{FAE04EC0-301F-11D3-BF4B-00C04F79EFBC}") = "Assembly-CSharp-Editor", "Assembly-CSharp-Editor.csproj", "{FF400B30-8D49-8BF3-AF31-A30FEF14BD44}"
EndProject
Global
	GlobalSection(SolutionConfigurationPlatforms) = preSolution
		Debug|Any CPU = Debug|Any CPU
		Release|Any CPU = Release|Any CPU
	EndGlobalSection
	GlobalSection(ProjectConfigurationPlatforms) = postSolution
		{01B65246-83A8-7CCF-BB68-A7A8002707A6}.Debug|Any CPU.ActiveCfg = Debug|Any CPU
		{01B65246-83A8-7CCF-BB68-A7A8002707A6}.Debug|Any CPU.Build.0 = Debug|Any CPU
		{01B65246-83A8-7CCF-BB68-A7A8002707A6}.Release|Any CPU.ActiveCfg = Release|Any CPU
		{01B65246-83A8-7CCF-BB68-A7A8002707A6}.Release|Any CPU.Build.0 = Release|Any CPU
		{09548D77-A17B-9A8E-58FA-6C3FEFBCBED3}.Debug|Any CPU.ActiveCfg = Debug|Any CPU
		{09548D77-A17B-9A8E-58FA-6C3FEFBCBED3}.Debug|Any CPU.Build.0 = Debug|Any CPU
		{09548D77-A17B-9A8E-58FA-6C3FEFBCBED3}.Release|Any CPU.ActiveCfg = Release|Any CPU
		{09548D77-A17B-9A8E-58FA-6C3FEFBCBED3}.Release|Any CPU.Build.0 = Release|Any CPU
		{FF400B30-8D49-8BF3-AF31-A30FEF14BD44}.Debug|Any CPU.ActiveCfg = Debug|Any CPU
		{FF400B30-8D49-8BF3-AF31-A30FEF14BD44}.Debug|Any CPU.Build.0 = Debug|Any CPU
		{FF400B30-8D49-8BF3-AF31-A30FEF14BD44}.Release|Any CPU.ActiveCfg = Release|Any CPU
		{FF400B30-8D49-8BF3-AF31-A30FEF14BD44}.Release|Any CPU.Build.0 = Release|Any CPU
	EndGlobalSection
	GlobalSection(SolutionProperties) = preSolution
		HideSolutionNode = FALSE
	EndGlobalSection
EndGlobal
